{
  "name": "stacks",
  "lockfileVersion": 3,
  "requires": true,
  "packages": {
    "": {
      "devDependencies": {
        "@hirosystems/clarinet-sdk-wasm": "^3.8.1"
      }
    },
    "node_modules/@hirosystems/clarinet-sdk-wasm": {
      "version": "3.8.1",
      "resolved": "https://registry.npmjs.org/@hirosystems/clarinet-sdk-wasm/-/clarinet-sdk-wasm-3.8.1.tgz",
      "integrity": "sha512-Eat1Jjc11WgRWn2A4r3uDCIUciv9xaftW55R8kRNyans4ewoPS/s0j0i2EJS/F37sAHCsEejGI4wj3RjzGtrHw==",
      "dev": true,
      "license": "GPL-3.0"
    }
  }
}
